
Microsoft Visual Studio Solution File, Format Version 12.00
# Visual Studio 15
VisualStudioVersion = 15.0.27130.2010
MinimumVisualStudioVersion = 10.0.40219.1
Project("{FAE04EC0-301F-11D3-BF4B-00C04F79EFBC}") = "WebProject", "WebProject\WebProject.csproj", "{833EE41C-1AA5-4A8F-845B-006508F1C804}"
EndProject
Project("{FAE04EC0-301F-11D3-BF4B-00C04F79EFBC}") = "WebProject.Data", "WebProject.Data\WebProject.Data.csproj", "{E405A8DD-7167-408F-8329-FE96AF179357}"
EndProject
Project("{FAE04EC0-301F-11D3-BF4B-00C04F79EFBC}") = "WebProject.Models", "WebProject.Models\WebProject.Models.csproj", "{5C9E9374-32FF-4A65-AD67-471FF47E081A}"
EndProject
Global
	GlobalSection(SolutionConfigurationPlatforms) = preSolution
		Debug|Any CPU = Debug|Any CPU
		Release|Any CPU = Release|Any CPU
	EndGlobalSection
	GlobalSection(ProjectConfigurationPlatforms) = postSolution
		{833EE41C-1AA5-4A8F-845B-006508F1C804}.Debug|Any CPU.ActiveCfg = Debug|Any CPU
		{833EE41C-1AA5-4A8F-845B-006508F1C804}.Debug|Any CPU.Build.0 = Debug|Any CPU
		{833EE41C-1AA5-4A8F-845B-006508F1C804}.Release|Any CPU.ActiveCfg = Release|Any CPU
		{833EE41C-1AA5-4A8F-845B-006508F1C804}.Release|Any CPU.Build.0 = Release|Any CPU
		{E405A8DD-7167-408F-8329-FE96AF179357}.Debug|Any CPU.ActiveCfg = Debug|Any CPU
		{E405A8DD-7167-408F-8329-FE96AF179357}.Debug|Any CPU.Build.0 = Debug|Any CPU
		{E405A8DD-7167-408F-8329-FE96AF179357}.Release|Any CPU.ActiveCfg = Release|Any CPU
		{E405A8DD-7167-408F-8329-FE96AF179357}.Release|Any CPU.Build.0 = Release|Any CPU
		{5C9E9374-32FF-4A65-AD67-471FF47E081A}.Debug|Any CPU.ActiveCfg = Debug|Any CPU
		{5C9E9374-32FF-4A65-AD67-471FF47E081A}.Debug|Any CPU.Build.0 = Debug|Any CPU
		{5C9E9374-32FF-4A65-AD67-471FF47E081A}.Release|Any CPU.ActiveCfg = Release|Any CPU
		{5C9E9374-32FF-4A65-AD67-471FF47E081A}.Release|Any CPU.Build.0 = Release|Any CPU
	EndGlobalSection
	GlobalSection(SolutionProperties) = preSolution
		HideSolutionNode = FALSE
	EndGlobalSection
	GlobalSection(ExtensibilityGlobals) = postSolution
		SolutionGuid = {D32CA36A-2B42-4D98-A60C-E31952DDF217}
	EndGlobalSection
EndGlobal
